
Microsoft Visual Studio Solution File, Format Version 12.00
# Visual Studio 15
VisualStudioVersion = 15.0.27130.2027
MinimumVisualStudioVersion = 10.0.40219.1
Project("{FAE04EC0-301F-11D3-BF4B-00C04F79EFBC}") = "CoreExtentions.DI.ServiceConfigurators", "CoreExtentions.DI.ServiceConfigurators\CoreExtentions.DI.ServiceConfigurators.csproj", "{1D7FFB9E-AA9C-4641-A6F8-6872DE95D9FF}"
EndProject
Global
	GlobalSection(SolutionConfigurationPlatforms) = preSolution
		Debug|Any CPU = Debug|Any CPU
		Release|Any CPU = Release|Any CPU
	EndGlobalSection
	GlobalSection(ProjectConfigurationPlatforms) = postSolution
		{1D7FFB9E-AA9C-4641-A6F8-6872DE95D9FF}.Debug|Any CPU.ActiveCfg = Debug|Any CPU
		{1D7FFB9E-AA9C-4641-A6F8-6872DE95D9FF}.Debug|Any CPU.Build.0 = Debug|Any CPU
		{1D7FFB9E-AA9C-4641-A6F8-6872DE95D9FF}.Release|Any CPU.ActiveCfg = Release|Any CPU
		{1D7FFB9E-AA9C-4641-A6F8-6872DE95D9FF}.Release|Any CPU.Build.0 = Release|Any CPU
	EndGlobalSection
	GlobalSection(SolutionProperties) = preSolution
		HideSolutionNode = FALSE
	EndGlobalSection
	GlobalSection(ExtensibilityGlobals) = postSolution
		SolutionGuid = {76968C62-1781-4E4E-9655-9136FDF48C41}
	EndGlobalSection
EndGlobal
